// !$*UTF8*$!
{
	archiveVersion = 1;
	classes = {
	};
	objectVersion = 77;
	objects = {

/* Begin PBXBuildFile section */
		3FD70A052DD2587700C0FF55 /* AppDelegate.swift in Sources */ = {isa = PBXBuildFile; fileRef = 3FD709FB2DD2587700C0FF55 /* AppDelegate.swift */; };
		3FD70A062DD2587700C0FF55 /* SceneDelegate.swift in Sources */ = {isa = PBXBuildFile; fileRef = 3FD70A022DD2587700C0FF55 /* SceneDelegate.swift */; };
		3FD70A072DD2587700C0FF55 /* WeatherViewController.swift in Sources */ = {isa = PBXBuildFile; fileRef = 3FD70A032DD2587700C0FF55 /* WeatherViewController.swift */; };
		3FD70A082DD2587700C0FF55 /* Assets.xcassets in Resources */ = {isa = PBXBuildFile; fileRef = 3FD709FC2DD2587700C0FF55 /* Assets.xcassets */; };
		3FD70A0A2DD2587700C0FF55 /* LaunchScreen.storyboard in Resources */ = {isa = PBXBuildFile; fileRef = 3FD709FF2DD2587700C0FF55 /* LaunchScreen.storyboard */; };
		3FD70A112DD25B7100C0FF55 /* WeatherService.swift in Sources */ = {isa = PBXBuildFile; fileRef = 3FD70A102DD25B7100C0FF55 /* WeatherService.swift */; };
		3FD70A142DD266E500C0FF55 /* Models.swift in Sources */ = {isa = PBXBuildFile; fileRef = 3FD70A132DD266E500C0FF55 /* Models.swift */; };
		3FD70A172DD2676600C0FF55 /* HourlyForecastCell.swift in Sources */ = {isa = PBXBuildFile; fileRef = 3FD70A162DD2676600C0FF55 /* HourlyForecastCell.swift */; };
		3FD70A1B2DD267C500C0FF55 /* DailyForecastCell.swift in Sources */ = {isa = PBXBuildFile; fileRef = 3FD70A1A2DD267C500C0FF55 /* DailyForecastCell.swift */; };
		3FD70A1E2DD3A88B00C0FF55 /* Array+Extension.swift in Sources */ = {isa = PBXBuildFile; fileRef = 3FD70A1D2DD3A88B00C0FF55 /* Array+Extension.swift */; };
		3FD70A202DD3C52300C0FF55 /* Constants.swift in Sources */ = {isa = PBXBuildFile; fileRef = 3FD70A1F2DD3C52300C0FF55 /* Constants.swift */; };
		3FD70A222DD3C63700C0FF55 /* String+Extension.swift in Sources */ = {isa = PBXBuildFile; fileRef = 3FD70A212DD3C63700C0FF55 /* String+Extension.swift */; };
		3FD70A242DD47CF400C0FF55 /* WeatherViewModel.swift in Sources */ = {isa = PBXBuildFile; fileRef = 3FD70A232DD47CF400C0FF55 /* WeatherViewModel.swift */; };
		3FD70A272DD4917500C0FF55 /* Kingfisher in Frameworks */ = {isa = PBXBuildFile; productRef = 3FD70A262DD4917500C0FF55 /* Kingfisher */; };
/* End PBXBuildFile section */

/* Begin PBXFileReference section */
		3FD709E32DD2586F00C0FF55 /* WeatherApp.app */ = {isa = PBXFileReference; explicitFileType = wrapper.application; includeInIndex = 0; path = WeatherApp.app; sourceTree = BUILT_PRODUCTS_DIR; };
		3FD709FB2DD2587700C0FF55 /* AppDelegate.swift */ = {isa = PBXFileReference; lastKnownFileType = sourcecode.swift; path = AppDelegate.swift; sourceTree = "<group>"; };
		3FD709FC2DD2587700C0FF55 /* Assets.xcassets */ = {isa = PBXFileReference; lastKnownFileType = folder.assetcatalog; path = Assets.xcassets; sourceTree = "<group>"; };
		3FD709FD2DD2587700C0FF55 /* Info.plist */ = {isa = PBXFileReference; lastKnownFileType = text.plist.xml; path = Info.plist; sourceTree = "<group>"; };
		3FD709FE2DD2587700C0FF55 /* Base */ = {isa = PBXFileReference; lastKnownFileType = file.storyboard; name = Base; path = Base.lproj/LaunchScreen.storyboard; sourceTree = "<group>"; };
		3FD70A022DD2587700C0FF55 /* SceneDelegate.swift */ = {isa = PBXFileReference; lastKnownFileType = sourcecode.swift; path = SceneDelegate.swift; sourceTree = "<group>"; };
		3FD70A032DD2587700C0FF55 /* WeatherViewController.swift */ = {isa = PBXFileReference; lastKnownFileType = sourcecode.swift; path = WeatherViewController.swift; sourceTree = "<group>"; };
		3FD70A102DD25B7100C0FF55 /* WeatherService.swift */ = {isa = PBXFileReference; lastKnownFileType = sourcecode.swift; path = WeatherService.swift; sourceTree = "<group>"; };
		3FD70A132DD266E500C0FF55 /* Models.swift */ = {isa = PBXFileReference; lastKnownFileType = sourcecode.swift; path = Models.swift; sourceTree = "<group>"; };
		3FD70A162DD2676600C0FF55 /* HourlyForecastCell.swift */ = {isa = PBXFileReference; lastKnownFileType = sourcecode.swift; path = HourlyForecastCell.swift; sourceTree = "<group>"; };
		3FD70A1A2DD267C500C0FF55 /* DailyForecastCell.swift */ = {isa = PBXFileReference; lastKnownFileType = sourcecode.swift; path = DailyForecastCell.swift; sourceTree = "<group>"; };
		3FD70A1D2DD3A88B00C0FF55 /* Array+Extension.swift */ = {isa = PBXFileReference; lastKnownFileType = sourcecode.swift; path = "Array+Extension.swift"; sourceTree = "<group>"; };
		3FD70A1F2DD3C52300C0FF55 /* Constants.swift */ = {isa = PBXFileReference; lastKnownFileType = sourcecode.swift; path = Constants.swift; sourceTree = "<group>"; };
		3FD70A212DD3C63700C0FF55 /* String+Extension.swift */ = {isa = PBXFileReference; lastKnownFileType = sourcecode.swift; path = "String+Extension.swift"; sourceTree = "<group>"; };
		3FD70A232DD47CF400C0FF55 /* WeatherViewModel.swift */ = {isa = PBXFileReference; lastKnownFileType = sourcecode.swift; path = WeatherViewModel.swift; sourceTree = "<group>"; };
/* End PBXFileReference section */

/* Begin PBXFrameworksBuildPhase section */
		3FD709E02DD2586F00C0FF55 /* Frameworks */ = {
			isa = PBXFrameworksBuildPhase;
			buildActionMask = 2147483647;
			files = (
				3FD70A272DD4917500C0FF55 /* Kingfisher in Frameworks */,
			);
			runOnlyForDeploymentPostprocessing = 0;
		};
/* End PBXFrameworksBuildPhase section */

/* Begin PBXGroup section */
		3FD709DA2DD2586F00C0FF55 = {
			isa = PBXGroup;
			children = (
				3FD70A042DD2587700C0FF55 /* WeatherApp */,
				3FD709E42DD2586F00C0FF55 /* Products */,
			);
			sourceTree = "<group>";
		};
		3FD709E42DD2586F00C0FF55 /* Products */ = {
			isa = PBXGroup;
			children = (
				3FD709E32DD2586F00C0FF55 /* WeatherApp.app */,
			);
			name = Products;
			sourceTree = "<group>";
		};
		3FD70A042DD2587700C0FF55 /* WeatherApp */ = {
			isa = PBXGroup;
			children = (
				3FD70A0C2DD258ED00C0FF55 /* App */,
				3FD70A1C2DD3A87900C0FF55 /* Helpers */,
				3FD70A122DD266D300C0FF55 /* Models */,
				3FD70A0F2DD25B5300C0FF55 /* Services */,
				3FD70A0D2DD258F600C0FF55 /* WeatherScreen */,
				3FD70A0E2DD2591D00C0FF55 /* Resources */,
				3FD709FD2DD2587700C0FF55 /* Info.plist */,
			);
			path = WeatherApp;
			sourceTree = "<group>";
		};
		3FD70A0C2DD258ED00C0FF55 /* App */ = {
			isa = PBXGroup;
			children = (
				3FD709FB2DD2587700C0FF55 /* AppDelegate.swift */,
				3FD70A022DD2587700C0FF55 /* SceneDelegate.swift */,
				3FD709FF2DD2587700C0FF55 /* LaunchScreen.storyboard */,
			);
			path = App;
			sourceTree = "<group>";
		};
		3FD70A0D2DD258F600C0FF55 /* WeatherScreen */ = {
			isa = PBXGroup;
			children = (
				3FD70A152DD2674B00C0FF55 /* Components */,
				3FD70A032DD2587700C0FF55 /* WeatherViewController.swift */,
				3FD70A232DD47CF400C0FF55 /* WeatherViewModel.swift */,
			);
			path = WeatherScreen;
			sourceTree = "<group>";
		};
		3FD70A0E2DD2591D00C0FF55 /* Resources */ = {
			isa = PBXGroup;
			children = (
				3FD709FC2DD2587700C0FF55 /* Assets.xcassets */,
			);
			path = Resources;
			sourceTree = "<group>";
		};
		3FD70A0F2DD25B5300C0FF55 /* Services */ = {
			isa = PBXGroup;
			children = (
				3FD70A102DD25B7100C0FF55 /* WeatherService.swift */,
			);
			path = Services;
			sourceTree = "<group>";
		};
		3FD70A122DD266D300C0FF55 /* Models */ = {
			isa = PBXGroup;
			children = (
				3FD70A132DD266E500C0FF55 /* Models.swift */,
			);
			path = Models;
			sourceTree = "<group>";
		};
		3FD70A152DD2674B00C0FF55 /* Components */ = {
			isa = PBXGroup;
			children = (
				3FD70A162DD2676600C0FF55 /* HourlyForecastCell.swift */,
				3FD70A1A2DD267C500C0FF55 /* DailyForecastCell.swift */,
			);
			path = Components;
			sourceTree = "<group>";
		};
		3FD70A1C2DD3A87900C0FF55 /* Helpers */ = {
			isa = PBXGroup;
			children = (
				3FD70A1F2DD3C52300C0FF55 /* Constants.swift */,
				3FD70A1D2DD3A88B00C0FF55 /* Array+Extension.swift */,
				3FD70A212DD3C63700C0FF55 /* String+Extension.swift */,
			);
			path = Helpers;
			sourceTree = "<group>";
		};
/* End PBXGroup section */

/* Begin PBXNativeTarget section */
		3FD709E22DD2586F00C0FF55 /* WeatherApp */ = {
			isa = PBXNativeTarget;
			buildConfigurationList = 3FD709F62DD2587100C0FF55 /* Build configuration list for PBXNativeTarget "WeatherApp" */;
			buildPhases = (
				3FD709DF2DD2586F00C0FF55 /* Sources */,
				3FD709E02DD2586F00C0FF55 /* Frameworks */,
				3FD709E12DD2586F00C0FF55 /* Resources */,
			);
			buildRules = (
			);
			dependencies = (
			);
			name = WeatherApp;
			packageProductDependencies = (
				3FD70A262DD4917500C0FF55 /* Kingfisher */,
			);
			productName = WeatherApp;
			productReference = 3FD709E32DD2586F00C0FF55 /* WeatherApp.app */;
			productType = "com.apple.product-type.application";
		};
/* End PBXNativeTarget section */

/* Begin PBXProject section */
		3FD709DB2DD2586F00C0FF55 /* Project object */ = {
			isa = PBXProject;
			attributes = {
				BuildIndependentTargetsInParallel = 1;
				LastSwiftUpdateCheck = 1630;
				LastUpgradeCheck = 1630;
				TargetAttributes = {
					3FD709E22DD2586F00C0FF55 = {
						CreatedOnToolsVersion = 16.3;
					};
				};
			};
			buildConfigurationList = 3FD709DE2DD2586F00C0FF55 /* Build configuration list for PBXProject "WeatherApp" */;
			developmentRegion = en;
			hasScannedForEncodings = 0;
			knownRegions = (
				en,
				Base,
			);
			mainGroup = 3FD709DA2DD2586F00C0FF55;
			minimizedProjectReferenceProxies = 1;
			packageReferences = (
				3FD70A252DD4917500C0FF55 /* XCRemoteSwiftPackageReference "Kingfisher" */,
			);
			preferredProjectObjectVersion = 77;
			productRefGroup = 3FD709E42DD2586F00C0FF55 /* Products */;
			projectDirPath = "";
			projectRoot = "";
			targets = (
				3FD709E22DD2586F00C0FF55 /* WeatherApp */,
			);
		};
/* End PBXProject section */

/* Begin PBXResourcesBuildPhase section */
		3FD709E12DD2586F00C0FF55 /* Resources */ = {
			isa = PBXResourcesBuildPhase;
			buildActionMask = 2147483647;
			files = (
				3FD70A082DD2587700C0FF55 /* Assets.xcassets in Resources */,
				3FD70A0A2DD2587700C0FF55 /* LaunchScreen.storyboard in Resources */,
			);
			runOnlyForDeploymentPostprocessing = 0;
		};
/* End PBXResourcesBuildPhase section */

/* Begin PBXSourcesBuildPhase section */
		3FD709DF2DD2586F00C0FF55 /* Sources */ = {
			isa = PBXSourcesBuildPhase;
			buildActionMask = 2147483647;
			files = (
				3FD70A112DD25B7100C0FF55 /* WeatherService.swift in Sources */,
				3FD70A052DD2587700C0FF55 /* AppDelegate.swift in Sources */,
				3FD70A222DD3C63700C0FF55 /* String+Extension.swift in Sources */,
				3FD70A242DD47CF400C0FF55 /* WeatherViewModel.swift in Sources */,
				3FD70A062DD2587700C0FF55 /* SceneDelegate.swift in Sources */,
				3FD70A072DD2587700C0FF55 /* WeatherViewController.swift in Sources */,
				3FD70A1B2DD267C500C0FF55 /* DailyForecastCell.swift in Sources */,
				3FD70A142DD266E500C0FF55 /* Models.swift in Sources */,
				3FD70A172DD2676600C0FF55 /* HourlyForecastCell.swift in Sources */,
				3FD70A1E2DD3A88B00C0FF55 /* Array+Extension.swift in Sources */,
				3FD70A202DD3C52300C0FF55 /* Constants.swift in Sources */,
			);
			runOnlyForDeploymentPostprocessing = 0;
		};
/* End PBXSourcesBuildPhase section */

/* Begin PBXVariantGroup section */
		3FD709FF2DD2587700C0FF55 /* LaunchScreen.storyboard */ = {
			isa = PBXVariantGroup;
			children = (
				3FD709FE2DD2587700C0FF55 /* Base */,
			);
			name = LaunchScreen.storyboard;
			sourceTree = "<group>";
		};
/* End PBXVariantGroup section */

/* Begin XCBuildConfiguration section */
		3FD709F72DD2587100C0FF55 /* Debug */ = {
			isa = XCBuildConfiguration;
			buildSettings = {
				ASSETCATALOG_COMPILER_APPICON_NAME = AppIcon;
				ASSETCATALOG_COMPILER_GLOBAL_ACCENT_COLOR_NAME = AccentColor;
				CODE_SIGN_STYLE = Automatic;
				CURRENT_PROJECT_VERSION = 1;
				DEVELOPMENT_TEAM = CNQ42444ZA;
				GENERATE_INFOPLIST_FILE = YES;
				INFOPLIST_FILE = WeatherApp/Info.plist;
				INFOPLIST_KEY_UIApplicationSupportsIndirectInputEvents = YES;
				INFOPLIST_KEY_UILaunchStoryboardName = LaunchScreen;
				INFOPLIST_KEY_UISupportedInterfaceOrientations = UIInterfaceOrientationPortrait;
				INFOPLIST_KEY_UISupportedInterfaceOrientations_iPad = "UIInterfaceOrientationLandscapeLeft UIInterfaceOrientationLandscapeRight UIInterfaceOrientationPortrait UIInterfaceOrientationPortraitUpsideDown";
				IPHONEOS_DEPLOYMENT_TARGET = 15.6;
				LD_RUNPATH_SEARCH_PATHS = (
					"$(inherited)",
					"@executable_path/Frameworks",
				);
				MARKETING_VERSION = 1.0;
				PRODUCT_BUNDLE_IDENTIFIER = com.dmaximov.practicum.WeatherApp;
				PRODUCT_NAME = "$(TARGET_NAME)";
				SUPPORTED_PLATFORMS = "iphoneos iphonesimulator";
				SUPPORTS_MACCATALYST = NO;
				SUPPORTS_MAC_DESIGNED_FOR_IPHONE_IPAD = NO;
				SUPPORTS_XR_DESIGNED_FOR_IPHONE_IPAD = NO;
				SWIFT_EMIT_LOC_STRINGS = YES;
				SWIFT_VERSION = 5.0;
				TARGETED_DEVICE_FAMILY = 1;
			};
			name = Debug;
		};
		3FD709F82DD2587100C0FF55 /* Release */ = {
			isa = XCBuildConfiguration;
			buildSettings = {
				ASSETCATALOG_COMPILER_APPICON_NAME = AppIcon;
				ASSETCATALOG_COMPILER_GLOBAL_ACCENT_COLOR_NAME = AccentColor;
				CODE_SIGN_STYLE = Automatic;
				CURRENT_PROJECT_VERSION = 1;
				DEVELOPMENT_TEAM = CNQ42444ZA;
				GENERATE_INFOPLIST_FILE = YES;
				INFOPLIST_FILE = WeatherApp/Info.plist;
				INFOPLIST_KEY_UIApplicationSupportsIndirectInputEvents = YES;
				INFOPLIST_KEY_UILaunchStoryboardName = LaunchScreen;
				INFOPLIST_KEY_UISupportedInterfaceOrientations = UIInterfaceOrientationPortrait;
				INFOPLIST_KEY_UISupportedInterfaceOrientations_iPad = "UIInterfaceOrientationLandscapeLeft UIInterfaceOrientationLandscapeRight UIInterfaceOrientationPortrait UIInterfaceOrientationPortraitUpsideDown";
				IPHONEOS_DEPLOYMENT_TARGET = 15.6;
				LD_RUNPATH_SEARCH_PATHS = (
					"$(inherited)",
					"@executable_path/Frameworks",
				);
				MARKETING_VERSION = 1.0;
				PRODUCT_BUNDLE_IDENTIFIER = com.dmaximov.practicum.WeatherApp;
				PRODUCT_NAME = "$(TARGET_NAME)";
				SUPPORTED_PLATFORMS = "iphoneos iphonesimulator";
				SUPPORTS_MACCATALYST = NO;
				SUPPORTS_MAC_DESIGNED_FOR_IPHONE_IPAD = NO;
				SUPPORTS_XR_DESIGNED_FOR_IPHONE_IPAD = NO;
				SWIFT_EMIT_LOC_STRINGS = YES;
				SWIFT_VERSION = 5.0;
				TARGETED_DEVICE_FAMILY = 1;
			};
			name = Release;
		};
		3FD709F92DD2587100C0FF55 /* Debug */ = {
			isa = XCBuildConfiguration;
			buildSettings = {
				ALWAYS_SEARCH_USER_PATHS = NO;
				ASSETCATALOG_COMPILER_GENERATE_SWIFT_ASSET_SYMBOL_EXTENSIONS = YES;
				CLANG_ANALYZER_NONNULL = YES;
				CLANG_ANALYZER_NUMBER_OBJECT_CONVERSION = YES_AGGRESSIVE;
				CLANG_CXX_LANGUAGE_STANDARD = "gnu++20";
				CLANG_ENABLE_MODULES = YES;
				CLANG_ENABLE_OBJC_ARC = YES;
				CLANG_ENABLE_OBJC_WEAK = YES;
				CLANG_WARN_BLOCK_CAPTURE_AUTORELEASING = YES;
				CLANG_WARN_BOOL_CONVERSION = YES;
				CLANG_WARN_COMMA = YES;
				CLANG_WARN_CONSTANT_CONVERSION = YES;
				CLANG_WARN_DEPRECATED_OBJC_IMPLEMENTATIONS = YES;
				CLANG_WARN_DIRECT_OBJC_ISA_USAGE = YES_ERROR;
				CLANG_WARN_DOCUMENTATION_COMMENTS = YES;
				CLANG_WARN_EMPTY_BODY = YES;
				CLANG_WARN_ENUM_CONVERSION = YES;
				CLANG_WARN_INFINITE_RECURSION = YES;
				CLANG_WARN_INT_CONVERSION = YES;
				CLANG_WARN_NON_LITERAL_NULL_CONVERSION = YES;
				CLANG_WARN_OBJC_IMPLICIT_RETAIN_SELF = YES;
				CLANG_WARN_OBJC_LITERAL_CONVERSION = YES;
				CLANG_WARN_OBJC_ROOT_CLASS = YES_ERROR;
				CLANG_WARN_QUOTED_INCLUDE_IN_FRAMEWORK_HEADER = YES;
				CLANG_WARN_RANGE_LOOP_ANALYSIS = YES;
				CLANG_WARN_STRICT_PROTOTYPES = YES;
				CLANG_WARN_SUSPICIOUS_MOVE = YES;
				CLANG_WARN_UNGUARDED_AVAILABILITY = YES_AGGRESSIVE;
				CLANG_WARN_UNREACHABLE_CODE = YES;
				CLANG_WARN__DUPLICATE_METHOD_MATCH = YES;
				COPY_PHASE_STRIP = NO;
				DEBUG_INFORMATION_FORMAT = dwarf;
				DEVELOPMENT_TEAM = CNQ42444ZA;
				ENABLE_STRICT_OBJC_MSGSEND = YES;
				ENABLE_TESTABILITY = YES;
				ENABLE_USER_SCRIPT_SANDBOXING = YES;
				GCC_C_LANGUAGE_STANDARD = gnu17;
				GCC_DYNAMIC_NO_PIC = NO;
				GCC_NO_COMMON_BLOCKS = YES;
				GCC_OPTIMIZATION_LEVEL = 0;
				GCC_PREPROCESSOR_DEFINITIONS = (
					"DEBUG=1",
					"$(inherited)",
				);
				GCC_WARN_64_TO_32_BIT_CONVERSION = YES;
				GCC_WARN_ABOUT_RETURN_TYPE = YES_ERROR;
				GCC_WARN_UNDECLARED_SELECTOR = YES;
				GCC_WARN_UNINITIALIZED_AUTOS = YES_AGGRESSIVE;
				GCC_WARN_UNUSED_FUNCTION = YES;
				GCC_WARN_UNUSED_VARIABLE = YES;
				IPHONEOS_DEPLOYMENT_TARGET = 15.6;
				LOCALIZATION_PREFERS_STRING_CATALOGS = YES;
				MTL_ENABLE_DEBUG_INFO = INCLUDE_SOURCE;
				MTL_FAST_MATH = YES;
				ONLY_ACTIVE_ARCH = YES;
				SDKROOT = iphoneos;
				SWIFT_ACTIVE_COMPILATION_CONDITIONS = "DEBUG $(inherited)";
				SWIFT_OPTIMIZATION_LEVEL = "-Onone";
			};
			name = Debug;
		};
		3FD709FA2DD2587100C0FF55 /* Release */ = {
			isa = XCBuildConfiguration;
			buildSettings = {
				ALWAYS_SEARCH_USER_PATHS = NO;
				ASSETCATALOG_COMPILER_GENERATE_SWIFT_ASSET_SYMBOL_EXTENSIONS = YES;
				CLANG_ANALYZER_NONNULL = YES;
				CLANG_ANALYZER_NUMBER_OBJECT_CONVERSION = YES_AGGRESSIVE;
				CLANG_CXX_LANGUAGE_STANDARD = "gnu++20";
				CLANG_ENABLE_MODULES = YES;
				CLANG_ENABLE_OBJC_ARC = YES;
				CLANG_ENABLE_OBJC_WEAK = YES;
				CLANG_WARN_BLOCK_CAPTURE_AUTORELEASING = YES;
				CLANG_WARN_BOOL_CONVERSION = YES;
				CLANG_WARN_COMMA = YES;
				CLANG_WARN_CONSTANT_CONVERSION = YES;
				CLANG_WARN_DEPRECATED_OBJC_IMPLEMENTATIONS = YES;
				CLANG_WARN_DIRECT_OBJC_ISA_USAGE = YES_ERROR;
				CLANG_WARN_DOCUMENTATION_COMMENTS = YES;
				CLANG_WARN_EMPTY_BODY = YES;
				CLANG_WARN_ENUM_CONVERSION = YES;
				CLANG_WARN_INFINITE_RECURSION = YES;
				CLANG_WARN_INT_CONVERSION = YES;
				CLANG_WARN_NON_LITERAL_NULL_CONVERSION = YES;
				CLANG_WARN_OBJC_IMPLICIT_RETAIN_SELF = YES;
				CLANG_WARN_OBJC_LITERAL_CONVERSION = YES;
				CLANG_WARN_OBJC_ROOT_CLASS = YES_ERROR;
				CLANG_WARN_QUOTED_INCLUDE_IN_FRAMEWORK_HEADER = YES;
				CLANG_WARN_RANGE_LOOP_ANALYSIS = YES;
				CLANG_WARN_STRICT_PROTOTYPES = YES;
				CLANG_WARN_SUSPICIOUS_MOVE = YES;
				CLANG_WARN_UNGUARDED_AVAILABILITY = YES_AGGRESSIVE;
				CLANG_WARN_UNREACHABLE_CODE = YES;
				CLANG_WARN__DUPLICATE_METHOD_MATCH = YES;
				COPY_PHASE_STRIP = NO;
				DEBUG_INFORMATION_FORMAT = "dwarf-with-dsym";
				DEVELOPMENT_TEAM = CNQ42444ZA;
				ENABLE_NS_ASSERTIONS = NO;
				ENABLE_STRICT_OBJC_MSGSEND = YES;
				ENABLE_USER_SCRIPT_SANDBOXING = YES;
				GCC_C_LANGUAGE_STANDARD = gnu17;
				GCC_NO_COMMON_BLOCKS = YES;
				GCC_WARN_64_TO_32_BIT_CONVERSION = YES;
				GCC_WARN_ABOUT_RETURN_TYPE = YES_ERROR;
				GCC_WARN_UNDECLARED_SELECTOR = YES;
				GCC_WARN_UNINITIALIZED_AUTOS = YES_AGGRESSIVE;
				GCC_WARN_UNUSED_FUNCTION = YES;
				GCC_WARN_UNUSED_VARIABLE = YES;
				IPHONEOS_DEPLOYMENT_TARGET = 15.6;
				LOCALIZATION_PREFERS_STRING_CATALOGS = YES;
				MTL_ENABLE_DEBUG_INFO = NO;
				MTL_FAST_MATH = YES;
				SDKROOT = iphoneos;
				SWIFT_COMPILATION_MODE = wholemodule;
				VALIDATE_PRODUCT = YES;
			};
			name = Release;
		};
/* End XCBuildConfiguration section */

/* Begin XCConfigurationList section */
		3FD709DE2DD2586F00C0FF55 /* Build configuration list for PBXProject "WeatherApp" */ = {
			isa = XCConfigurationList;
			buildConfigurations = (
				3FD709F92DD2587100C0FF55 /* Debug */,
				3FD709FA2DD2587100C0FF55 /* Release */,
			);
			defaultConfigurationIsVisible = 0;
			defaultConfigurationName = Release;
		};
		3FD709F62DD2587100C0FF55 /* Build configuration list for PBXNativeTarget "WeatherApp" */ = {
			isa = XCConfigurationList;
			buildConfigurations = (
				3FD709F72DD2587100C0FF55 /* Debug */,
				3FD709F82DD2587100C0FF55 /* Release */,
			);
			defaultConfigurationIsVisible = 0;
			defaultConfigurationName = Release;
		};
/* End XCConfigurationList section */

/* Begin XCRemoteSwiftPackageReference section */
		3FD70A252DD4917500C0FF55 /* XCRemoteSwiftPackageReference "Kingfisher" */ = {
			isa = XCRemoteSwiftPackageReference;
			repositoryURL = "https://github.com/onevcat/Kingfisher.git";
			requirement = {
				kind = upToNextMajorVersion;
				minimumVersion = 8.3.2;
			};
		};
/* End XCRemoteSwiftPackageReference section */

/* Begin XCSwiftPackageProductDependency section */
		3FD70A262DD4917500C0FF55 /* Kingfisher */ = {
			isa = XCSwiftPackageProductDependency;
			package = 3FD70A252DD4917500C0FF55 /* XCRemoteSwiftPackageReference "Kingfisher" */;
			productName = Kingfisher;
		};
/* End XCSwiftPackageProductDependency section */
	};
	rootObject = 3FD709DB2DD2586F00C0FF55 /* Project object */;
}
